
Microsoft Visual Studio Solution File, Format Version 12.00
# Visual Studio Version 17
VisualStudioVersion = 17.8.34511.84
MinimumVisualStudioVersion = 10.0.40219.1
Project("{FAE04EC0-301F-11D3-BF4B-00C04F79EFBC}") = "Практическая 1", "Практическая 1.csproj", "{6D553397-62A2-44B0-B2FE-66F6B402797F}"
EndProject
Global
	GlobalSection(SolutionConfigurationPlatforms) = preSolution
		Debug|Any CPU = Debug|Any CPU
		Release|Any CPU = Release|Any CPU
	EndGlobalSection
	GlobalSection(ProjectConfigurationPlatforms) = postSolution
		{6D553397-62A2-44B0-B2FE-66F6B402797F}.Debug|Any CPU.ActiveCfg = Debug|Any CPU
		{6D553397-62A2-44B0-B2FE-66F6B402797F}.Debug|Any CPU.Build.0 = Debug|Any CPU
		{6D553397-62A2-44B0-B2FE-66F6B402797F}.Release|Any CPU.ActiveCfg = Release|Any CPU
		{6D553397-62A2-44B0-B2FE-66F6B402797F}.Release|Any CPU.Build.0 = Release|Any CPU
	EndGlobalSection
	GlobalSection(SolutionProperties) = preSolution
		HideSolutionNode = FALSE
	EndGlobalSection
	GlobalSection(ExtensibilityGlobals) = postSolution
		SolutionGuid = {D1CB90D9-7979-4BEE-B7BF-340B70BAE466}
	EndGlobalSection
EndGlobal
