
Microsoft Visual Studio Solution File, Format Version 12.00
# Visual Studio Version 17
VisualStudioVersion = 17.8.34511.84
MinimumVisualStudioVersion = 10.0.40219.1
Project("{FAE04EC0-301F-11D3-BF4B-00C04F79EFBC}") = "Практическая 5", "Практическая 5.csproj", "{04E085C3-EB6C-4927-B7C1-CD8D7976593F}"
EndProject
Global
	GlobalSection(SolutionConfigurationPlatforms) = preSolution
		Debug|Any CPU = Debug|Any CPU
		Release|Any CPU = Release|Any CPU
	EndGlobalSection
	GlobalSection(ProjectConfigurationPlatforms) = postSolution
		{04E085C3-EB6C-4927-B7C1-CD8D7976593F}.Debug|Any CPU.ActiveCfg = Debug|Any CPU
		{04E085C3-EB6C-4927-B7C1-CD8D7976593F}.Debug|Any CPU.Build.0 = Debug|Any CPU
		{04E085C3-EB6C-4927-B7C1-CD8D7976593F}.Release|Any CPU.ActiveCfg = Release|Any CPU
		{04E085C3-EB6C-4927-B7C1-CD8D7976593F}.Release|Any CPU.Build.0 = Release|Any CPU
	EndGlobalSection
	GlobalSection(SolutionProperties) = preSolution
		HideSolutionNode = FALSE
	EndGlobalSection
	GlobalSection(ExtensibilityGlobals) = postSolution
		SolutionGuid = {AF64A686-7E5D-4332-BF2B-1C29357E6AA8}
	EndGlobalSection
EndGlobal
